
Microsoft Visual Studio Solution File, Format Version 12.00
# Visual Studio Version 16
VisualStudioVersion = 16.0.31702.278
MinimumVisualStudioVersion = 10.0.40219.1
Project("{FAE04EC0-301F-11D3-BF4B-00C04F79EFBC}") = "App4.Android", "App4\App4.Android\App4.Android.csproj", "{408980C7-5F5C-4505-8EDC-981000D051B0}"
EndProject
Project("{FAE04EC0-301F-11D3-BF4B-00C04F79EFBC}") = "App4.iOS", "App4\App4.iOS\App4.iOS.csproj", "{9D13EB59-D82F-4504-A9C9-48C8A9613CC1}"
EndProject
Project("{FAE04EC0-301F-11D3-BF4B-00C04F79EFBC}") = "App4", "App4\App4\App4.csproj", "{9604496D-2F3B-4472-B8F1-6A694AA89152}"
EndProject
Global
	GlobalSection(SolutionConfigurationPlatforms) = preSolution
		Debug|Any CPU = Debug|Any CPU
		Debug|iPhone = Debug|iPhone
		Debug|iPhoneSimulator = Debug|iPhoneSimulator
		Release|Any CPU = Release|Any CPU
		Release|iPhone = Release|iPhone
		Release|iPhoneSimulator = Release|iPhoneSimulator
	EndGlobalSection
	GlobalSection(ProjectConfigurationPlatforms) = postSolution
		{408980C7-5F5C-4505-8EDC-981000D051B0}.Debug|Any CPU.ActiveCfg = Debug|Any CPU
		{408980C7-5F5C-4505-8EDC-981000D051B0}.Debug|Any CPU.Build.0 = Debug|Any CPU
		{408980C7-5F5C-4505-8EDC-981000D051B0}.Debug|Any CPU.Deploy.0 = Debug|Any CPU
		{408980C7-5F5C-4505-8EDC-981000D051B0}.Debug|iPhone.ActiveCfg = Debug|Any CPU
		{408980C7-5F5C-4505-8EDC-981000D051B0}.Debug|iPhone.Build.0 = Debug|Any CPU
		{408980C7-5F5C-4505-8EDC-981000D051B0}.Debug|iPhone.Deploy.0 = Debug|Any CPU
		{408980C7-5F5C-4505-8EDC-981000D051B0}.Debug|iPhoneSimulator.ActiveCfg = Debug|Any CPU
		{408980C7-5F5C-4505-8EDC-981000D051B0}.Debug|iPhoneSimulator.Build.0 = Debug|Any CPU
		{408980C7-5F5C-4505-8EDC-981000D051B0}.Debug|iPhoneSimulator.Deploy.0 = Debug|Any CPU
		{408980C7-5F5C-4505-8EDC-981000D051B0}.Release|Any CPU.ActiveCfg = Release|Any CPU
		{408980C7-5F5C-4505-8EDC-981000D051B0}.Release|Any CPU.Build.0 = Release|Any CPU
		{408980C7-5F5C-4505-8EDC-981000D051B0}.Release|Any CPU.Deploy.0 = Release|Any CPU
		{408980C7-5F5C-4505-8EDC-981000D051B0}.Release|iPhone.ActiveCfg = Release|Any CPU
		{408980C7-5F5C-4505-8EDC-981000D051B0}.Release|iPhone.Build.0 = Release|Any CPU
		{408980C7-5F5C-4505-8EDC-981000D051B0}.Release|iPhone.Deploy.0 = Release|Any CPU
		{408980C7-5F5C-4505-8EDC-981000D051B0}.Release|iPhoneSimulator.ActiveCfg = Release|Any CPU
		{408980C7-5F5C-4505-8EDC-981000D051B0}.Release|iPhoneSimulator.Build.0 = Release|Any CPU
		{408980C7-5F5C-4505-8EDC-981000D051B0}.Release|iPhoneSimulator.Deploy.0 = Release|Any CPU
		{9D13EB59-D82F-4504-A9C9-48C8A9613CC1}.Debug|Any CPU.ActiveCfg = Debug|iPhone
		{9D13EB59-D82F-4504-A9C9-48C8A9613CC1}.Debug|Any CPU.Build.0 = Debug|iPhone
		{9D13EB59-D82F-4504-A9C9-48C8A9613CC1}.Debug|Any CPU.Deploy.0 = Debug|iPhone
		{9D13EB59-D82F-4504-A9C9-48C8A9613CC1}.Debug|iPhone.ActiveCfg = Debug|iPhone
		{9D13EB59-D82F-4504-A9C9-48C8A9613CC1}.Debug|iPhone.Build.0 = Debug|iPhone
		{9D13EB59-D82F-4504-A9C9-48C8A9613CC1}.Debug|iPhone.Deploy.0 = Debug|iPhone
		{9D13EB59-D82F-4504-A9C9-48C8A9613CC1}.Debug|iPhoneSimulator.ActiveCfg = Debug|iPhoneSimulator
		{9D13EB59-D82F-4504-A9C9-48C8A9613CC1}.Debug|iPhoneSimulator.Build.0 = Debug|iPhoneSimulator
		{9D13EB59-D82F-4504-A9C9-48C8A9613CC1}.Debug|iPhoneSimulator.Deploy.0 = Debug|iPhoneSimulator
		{9D13EB59-D82F-4504-A9C9-48C8A9613CC1}.Release|Any CPU.ActiveCfg = Release|iPhoneSimulator
		{9D13EB59-D82F-4504-A9C9-48C8A9613CC1}.Release|Any CPU.Build.0 = Release|iPhoneSimulator
		{9D13EB59-D82F-4504-A9C9-48C8A9613CC1}.Release|Any CPU.Deploy.0 = Release|iPhoneSimulator
		{9D13EB59-D82F-4504-A9C9-48C8A9613CC1}.Release|iPhone.ActiveCfg = Release|iPhone
		{9D13EB59-D82F-4504-A9C9-48C8A9613CC1}.Release|iPhone.Build.0 = Release|iPhone
		{9D13EB59-D82F-4504-A9C9-48C8A9613CC1}.Release|iPhone.Deploy.0 = Release|iPhone
		{9D13EB59-D82F-4504-A9C9-48C8A9613CC1}.Release|iPhoneSimulator.ActiveCfg = Release|iPhoneSimulator
		{9D13EB59-D82F-4504-A9C9-48C8A9613CC1}.Release|iPhoneSimulator.Build.0 = Release|iPhoneSimulator
		{9D13EB59-D82F-4504-A9C9-48C8A9613CC1}.Release|iPhoneSimulator.Deploy.0 = Release|iPhoneSimulator
		{9604496D-2F3B-4472-B8F1-6A694AA89152}.Debug|Any CPU.ActiveCfg = Debug|Any CPU
		{9604496D-2F3B-4472-B8F1-6A694AA89152}.Debug|Any CPU.Build.0 = Debug|Any CPU
		{9604496D-2F3B-4472-B8F1-6A694AA89152}.Debug|Any CPU.Deploy.0 = Debug|Any CPU
		{9604496D-2F3B-4472-B8F1-6A694AA89152}.Debug|iPhone.ActiveCfg = Debug|Any CPU
		{9604496D-2F3B-4472-B8F1-6A694AA89152}.Debug|iPhone.Build.0 = Debug|Any CPU
		{9604496D-2F3B-4472-B8F1-6A694AA89152}.Debug|iPhone.Deploy.0 = Debug|Any CPU
		{9604496D-2F3B-4472-B8F1-6A694AA89152}.Debug|iPhoneSimulator.ActiveCfg = Debug|Any CPU
		{9604496D-2F3B-4472-B8F1-6A694AA89152}.Debug|iPhoneSimulator.Build.0 = Debug|Any CPU
		{9604496D-2F3B-4472-B8F1-6A694AA89152}.Debug|iPhoneSimulator.Deploy.0 = Debug|Any CPU
		{9604496D-2F3B-4472-B8F1-6A694AA89152}.Release|Any CPU.ActiveCfg = Release|Any CPU
		{9604496D-2F3B-4472-B8F1-6A694AA89152}.Release|Any CPU.Build.0 = Release|Any CPU
		{9604496D-2F3B-4472-B8F1-6A694AA89152}.Release|Any CPU.Deploy.0 = Release|Any CPU
		{9604496D-2F3B-4472-B8F1-6A694AA89152}.Release|iPhone.ActiveCfg = Release|Any CPU
		{9604496D-2F3B-4472-B8F1-6A694AA89152}.Release|iPhone.Build.0 = Release|Any CPU
		{9604496D-2F3B-4472-B8F1-6A694AA89152}.Release|iPhone.Deploy.0 = Release|Any CPU
		{9604496D-2F3B-4472-B8F1-6A694AA89152}.Release|iPhoneSimulator.ActiveCfg = Release|Any CPU
		{9604496D-2F3B-4472-B8F1-6A694AA89152}.Release|iPhoneSimulator.Build.0 = Release|Any CPU
		{9604496D-2F3B-4472-B8F1-6A694AA89152}.Release|iPhoneSimulator.Deploy.0 = Release|Any CPU
	EndGlobalSection
	GlobalSection(SolutionProperties) = preSolution
		HideSolutionNode = FALSE
	EndGlobalSection
	GlobalSection(ExtensibilityGlobals) = postSolution
		SolutionGuid = {BE15E1D8-CAF6-47B8-AB63-E8AA309E62FC}
	EndGlobalSection
EndGlobal
